// !$*UTF8*$!
{
	archiveVersion = 1;
	classes = {
	};
	objectVersion = 56;
	objects = {

/* Begin PBXBuildFile section */
		65FA3442211A165C0F9F78A1 /* Pods_lblbc.framework in Frameworks */ = {isa = PBXBuildFile; fileRef = D84EF31A4510890345F3F9D7 /* Pods_lblbc.framework */; };
		C4AAD55729BF669500204337 /* lblbcApp.swift in Sources */ = {isa = PBXBuildFile; fileRef = C4AAD55629BF669500204337 /* lblbcApp.swift */; };
		C4AAD55929BF669500204337 /* ContentView.swift in Sources */ = {isa = PBXBuildFile; fileRef = C4AAD55829BF669500204337 /* ContentView.swift */; };
		C4AAD55B29BF669700204337 /* Assets.xcassets in Resources */ = {isa = PBXBuildFile; fileRef = C4AAD55A29BF669700204337 /* Assets.xcassets */; };
		C4AAD55E29BF669700204337 /* Preview Assets.xcassets in Resources */ = {isa = PBXBuildFile; fileRef = C4AAD55D29BF669700204337 /* Preview Assets.xcassets */; };
		C4AAD56C29BF67A800204337 /* CategoryInfo.swift in Sources */ = {isa = PBXBuildFile; fileRef = C4AAD56729BF67A800204337 /* CategoryInfo.swift */; };
		C4AAD56D29BF67A800204337 /* QueryNewsResp.swift in Sources */ = {isa = PBXBuildFile; fileRef = C4AAD56829BF67A800204337 /* QueryNewsResp.swift */; };
		C4AAD56E29BF67A800204337 /* NewsInfo.swift in Sources */ = {isa = PBXBuildFile; fileRef = C4AAD56929BF67A800204337 /* NewsInfo.swift */; };
		C4AAD56F29BF67A800204337 /* QueryCategoryResp.swift in Sources */ = {isa = PBXBuildFile; fileRef = C4AAD56A29BF67A800204337 /* QueryCategoryResp.swift */; };
		C4AAD57029BF67A800204337 /* CommonResp.swift in Sources */ = {isa = PBXBuildFile; fileRef = C4AAD56B29BF67A800204337 /* CommonResp.swift */; };
		C4AAD57729BF680500204337 /* HomeViewModel.swift in Sources */ = {isa = PBXBuildFile; fileRef = C4AAD57529BF680500204337 /* HomeViewModel.swift */; };
		C4AAD57829BF680500204337 /* HomeView.swift in Sources */ = {isa = PBXBuildFile; fileRef = C4AAD57629BF680500204337 /* HomeView.swift */; };
		C4AAD57A29BF681100204337 /* MineView.swift in Sources */ = {isa = PBXBuildFile; fileRef = C4AAD57929BF681100204337 /* MineView.swift */; };
		C4AAD57D29BF681900204337 /* SearchView.swift in Sources */ = {isa = PBXBuildFile; fileRef = C4AAD57B29BF681900204337 /* SearchView.swift */; };
		C4AAD57E29BF681900204337 /* SearchViewModel.swift in Sources */ = {isa = PBXBuildFile; fileRef = C4AAD57C29BF681900204337 /* SearchViewModel.swift */; };
		C4AAD58129BF683D00204337 /* LblAPI.swift in Sources */ = {isa = PBXBuildFile; fileRef = C4AAD58029BF683D00204337 /* LblAPI.swift */; };
		C4AAD58629BF687200204337 /* LblWebView.swift in Sources */ = {isa = PBXBuildFile; fileRef = C4AAD58329BF687200204337 /* LblWebView.swift */; };
		C4AAD58729BF687200204337 /* SearchBar.swift in Sources */ = {isa = PBXBuildFile; fileRef = C4AAD58429BF687200204337 /* SearchBar.swift */; };
		C4AAD58829BF687200204337 /* NewsItemView.swift in Sources */ = {isa = PBXBuildFile; fileRef = C4AAD58529BF687200204337 /* NewsItemView.swift */; };
		C4AAD58B29BF689A00204337 /* Color.swift in Sources */ = {isa = PBXBuildFile; fileRef = C4AAD58A29BF689A00204337 /* Color.swift */; };
/* End PBXBuildFile section */

/* Begin PBXFileReference section */
		C4AAD55329BF669500204337 /* lblbc.app */ = {isa = PBXFileReference; explicitFileType = wrapper.application; includeInIndex = 0; path = lblbc.app; sourceTree = BUILT_PRODUCTS_DIR; };
		C4AAD55629BF669500204337 /* lblbcApp.swift */ = {isa = PBXFileReference; lastKnownFileType = sourcecode.swift; path = lblbcApp.swift; sourceTree = "<group>"; };
		C4AAD55829BF669500204337 /* ContentView.swift */ = {isa = PBXFileReference; lastKnownFileType = sourcecode.swift; path = ContentView.swift; sourceTree = "<group>"; };
		C4AAD55A29BF669700204337 /* Assets.xcassets */ = {isa = PBXFileReference; lastKnownFileType = folder.assetcatalog; path = Assets.xcassets; sourceTree = "<group>"; };
		C4AAD55D29BF669700204337 /* Preview Assets.xcassets */ = {isa = PBXFileReference; lastKnownFileType = folder.assetcatalog; path = "Preview Assets.xcassets"; sourceTree = "<group>"; };
		C4AAD56729BF67A800204337 /* CategoryInfo.swift */ = {isa = PBXFileReference; fileEncoding = 4; lastKnownFileType = sourcecode.swift; path = CategoryInfo.swift; sourceTree = "<group>"; };
		C4AAD56829BF67A800204337 /* QueryNewsResp.swift */ = {isa = PBXFileReference; fileEncoding = 4; lastKnownFileType = sourcecode.swift; path = QueryNewsResp.swift; sourceTree = "<group>"; };
		C4AAD56929BF67A800204337 /* NewsInfo.swift */ = {isa = PBXFileReference; fileEncoding = 4; lastKnownFileType = sourcecode.swift; path = NewsInfo.swift; sourceTree = "<group>"; };
		C4AAD56A29BF67A800204337 /* QueryCategoryResp.swift */ = {isa = PBXFileReference; fileEncoding = 4; lastKnownFileType = sourcecode.swift; path = QueryCategoryResp.swift; sourceTree = "<group>"; };
		C4AAD56B29BF67A800204337 /* CommonResp.swift */ = {isa = PBXFileReference; fileEncoding = 4; lastKnownFileType = sourcecode.swift; path = CommonResp.swift; sourceTree = "<group>"; };
		C4AAD57529BF680500204337 /* HomeViewModel.swift */ = {isa = PBXFileReference; fileEncoding = 4; lastKnownFileType = sourcecode.swift; path = HomeViewModel.swift; sourceTree = "<group>"; };
		C4AAD57629BF680500204337 /* HomeView.swift */ = {isa = PBXFileReference; fileEncoding = 4; lastKnownFileType = sourcecode.swift; path = HomeView.swift; sourceTree = "<group>"; };
		C4AAD57929BF681100204337 /* MineView.swift */ = {isa = PBXFileReference; fileEncoding = 4; lastKnownFileType = sourcecode.swift; path = MineView.swift; sourceTree = "<group>"; };
		C4AAD57B29BF681900204337 /* SearchView.swift */ = {isa = PBXFileReference; fileEncoding = 4; lastKnownFileType = sourcecode.swift; path = SearchView.swift; sourceTree = "<group>"; };
		C4AAD57C29BF681900204337 /* SearchViewModel.swift */ = {isa = PBXFileReference; fileEncoding = 4; lastKnownFileType = sourcecode.swift; path = SearchViewModel.swift; sourceTree = "<group>"; };
		C4AAD58029BF683D00204337 /* LblAPI.swift */ = {isa = PBXFileReference; fileEncoding = 4; lastKnownFileType = sourcecode.swift; path = LblAPI.swift; sourceTree = "<group>"; };
		C4AAD58329BF687200204337 /* LblWebView.swift */ = {isa = PBXFileReference; fileEncoding = 4; lastKnownFileType = sourcecode.swift; path = LblWebView.swift; sourceTree = "<group>"; };
		C4AAD58429BF687200204337 /* SearchBar.swift */ = {isa = PBXFileReference; fileEncoding = 4; lastKnownFileType = sourcecode.swift; path = SearchBar.swift; sourceTree = "<group>"; };
		C4AAD58529BF687200204337 /* NewsItemView.swift */ = {isa = PBXFileReference; fileEncoding = 4; lastKnownFileType = sourcecode.swift; path = NewsItemView.swift; sourceTree = "<group>"; };
		C4AAD58A29BF689A00204337 /* Color.swift */ = {isa = PBXFileReference; fileEncoding = 4; lastKnownFileType = sourcecode.swift; path = Color.swift; sourceTree = "<group>"; };
		D3269D5EC98A02E1B16105B1 /* Pods-lblbc.debug.xcconfig */ = {isa = PBXFileReference; includeInIndex = 1; lastKnownFileType = text.xcconfig; name = "Pods-lblbc.debug.xcconfig"; path = "Target Support Files/Pods-lblbc/Pods-lblbc.debug.xcconfig"; sourceTree = "<group>"; };
		D516F0F4A3C0B44E7F6AF8B6 /* Pods-lblbc.release.xcconfig */ = {isa = PBXFileReference; includeInIndex = 1; lastKnownFileType = text.xcconfig; name = "Pods-lblbc.release.xcconfig"; path = "Target Support Files/Pods-lblbc/Pods-lblbc.release.xcconfig"; sourceTree = "<group>"; };
		D84EF31A4510890345F3F9D7 /* Pods_lblbc.framework */ = {isa = PBXFileReference; explicitFileType = wrapper.framework; includeInIndex = 0; path = Pods_lblbc.framework; sourceTree = BUILT_PRODUCTS_DIR; };
/* End PBXFileReference section */

/* Begin PBXFrameworksBuildPhase section */
		C4AAD55029BF669500204337 /* Frameworks */ = {
			isa = PBXFrameworksBuildPhase;
			buildActionMask = 2147483647;
			files = (
				65FA3442211A165C0F9F78A1 /* Pods_lblbc.framework in Frameworks */,
			);
			runOnlyForDeploymentPostprocessing = 0;
		};
/* End PBXFrameworksBuildPhase section */

/* Begin PBXGroup section */
		9652AD5CA08BC33DB44E40DF /* Pods */ = {
			isa = PBXGroup;
			children = (
				D3269D5EC98A02E1B16105B1 /* Pods-lblbc.debug.xcconfig */,
				D516F0F4A3C0B44E7F6AF8B6 /* Pods-lblbc.release.xcconfig */,
			);
			name = Pods;
			path = Pods;
			sourceTree = "<group>";
		};
		A021887E7E58BEE20013A9C6 /* Frameworks */ = {
			isa = PBXGroup;
			children = (
				D84EF31A4510890345F3F9D7 /* Pods_lblbc.framework */,
			);
			name = Frameworks;
			sourceTree = "<group>";
		};
		C4AAD54A29BF669500204337 = {
			isa = PBXGroup;
			children = (
				C4AAD55529BF669500204337 /* lblbc */,
				C4AAD55429BF669500204337 /* Products */,
				9652AD5CA08BC33DB44E40DF /* Pods */,
				A021887E7E58BEE20013A9C6 /* Frameworks */,
			);
			sourceTree = "<group>";
		};
		C4AAD55429BF669500204337 /* Products */ = {
			isa = PBXGroup;
			children = (
				C4AAD55329BF669500204337 /* lblbc.app */,
			);
			name = Products;
			sourceTree = "<group>";
		};
		C4AAD55529BF669500204337 /* lblbc */ = {
			isa = PBXGroup;
			children = (
				C4AAD58929BF687D00204337 /* shared */,
				C4AAD58229BF685000204337 /* views */,
				C4AAD57F29BF682B00204337 /* network */,
				C4AAD57129BF67BD00204337 /* module */,
				C4AAD56629BF678700204337 /* models */,
				C4AAD55629BF669500204337 /* lblbcApp.swift */,
				C4AAD55829BF669500204337 /* ContentView.swift */,
				C4AAD55A29BF669700204337 /* Assets.xcassets */,
				C4AAD55C29BF669700204337 /* Preview Content */,
			);
			path = lblbc;
			sourceTree = "<group>";
		};
		C4AAD55C29BF669700204337 /* Preview Content */ = {
			isa = PBXGroup;
			children = (
				C4AAD55D29BF669700204337 /* Preview Assets.xcassets */,
			);
			path = "Preview Content";
			sourceTree = "<group>";
		};
		C4AAD56629BF678700204337 /* models */ = {
			isa = PBXGroup;
			children = (
				C4AAD56729BF67A800204337 /* CategoryInfo.swift */,
				C4AAD56B29BF67A800204337 /* CommonResp.swift */,
				C4AAD56929BF67A800204337 /* NewsInfo.swift */,
				C4AAD56A29BF67A800204337 /* QueryCategoryResp.swift */,
				C4AAD56829BF67A800204337 /* QueryNewsResp.swift */,
			);
			path = models;
			sourceTree = "<group>";
		};
		C4AAD57129BF67BD00204337 /* module */ = {
			isa = PBXGroup;
			children = (
				C4AAD57429BF67E900204337 /* search */,
				C4AAD57329BF67DF00204337 /* mine */,
				C4AAD57229BF67CF00204337 /* home */,
			);
			path = module;
			sourceTree = "<group>";
		};
		C4AAD57229BF67CF00204337 /* home */ = {
			isa = PBXGroup;
			children = (
				C4AAD57629BF680500204337 /* HomeView.swift */,
				C4AAD57529BF680500204337 /* HomeViewModel.swift */,
			);
			path = home;
			sourceTree = "<group>";
		};
		C4AAD57329BF67DF00204337 /* mine */ = {
			isa = PBXGroup;
			children = (
				C4AAD57929BF681100204337 /* MineView.swift */,
			);
			path = mine;
			sourceTree = "<group>";
		};
		C4AAD57429BF67E900204337 /* search */ = {
			isa = PBXGroup;
			children = (
				C4AAD57B29BF681900204337 /* SearchView.swift */,
				C4AAD57C29BF681900204337 /* SearchViewModel.swift */,
			);
			path = search;
			sourceTree = "<group>";
		};
		C4AAD57F29BF682B00204337 /* network */ = {
			isa = PBXGroup;
			children = (
				C4AAD58029BF683D00204337 /* LblAPI.swift */,
			);
			path = network;
			sourceTree = "<group>";
		};
		C4AAD58229BF685000204337 /* views */ = {
			isa = PBXGroup;
			children = (
				C4AAD58329BF687200204337 /* LblWebView.swift */,
				C4AAD58529BF687200204337 /* NewsItemView.swift */,
				C4AAD58429BF687200204337 /* SearchBar.swift */,
			);
			path = views;
			sourceTree = "<group>";
		};
		C4AAD58929BF687D00204337 /* shared */ = {
			isa = PBXGroup;
			children = (
				C4AAD58A29BF689A00204337 /* Color.swift */,
			);
			path = shared;
			sourceTree = "<group>";
		};
/* End PBXGroup section */

/* Begin PBXNativeTarget section */
		C4AAD55229BF669500204337 /* lblbc */ = {
			isa = PBXNativeTarget;
			buildConfigurationList = C4AAD56129BF669700204337 /* Build configuration list for PBXNativeTarget "lblbc" */;
			buildPhases = (
				A1E12B6622A3C959E8B4742E /* [CP] Check Pods Manifest.lock */,
				C4AAD54F29BF669500204337 /* Sources */,
				C4AAD55029BF669500204337 /* Frameworks */,
				C4AAD55129BF669500204337 /* Resources */,
				3C68F943BD6CB03A41AD8961 /* [CP] Embed Pods Frameworks */,
			);
			buildRules = (
			);
			dependencies = (
			);
			name = lblbc;
			productName = lblbc;
			productReference = C4AAD55329BF669500204337 /* lblbc.app */;
			productType = "com.apple.product-type.application";
		};
/* End PBXNativeTarget section */

/* Begin PBXProject section */
		C4AAD54B29BF669500204337 /* Project object */ = {
			isa = PBXProject;
			attributes = {
				BuildIndependentTargetsInParallel = 1;
				LastSwiftUpdateCheck = 1420;
				LastUpgradeCheck = 1420;
				TargetAttributes = {
					C4AAD55229BF669500204337 = {
						CreatedOnToolsVersion = 14.2;
					};
				};
			};
			buildConfigurationList = C4AAD54E29BF669500204337 /* Build configuration list for PBXProject "lblbc" */;
			compatibilityVersion = "Xcode 14.0";
			developmentRegion = en;
			hasScannedForEncodings = 0;
			knownRegions = (
				en,
				Base,
			);
			mainGroup = C4AAD54A29BF669500204337;
			productRefGroup = C4AAD55429BF669500204337 /* Products */;
			projectDirPath = "";
			projectRoot = "";
			targets = (
				C4AAD55229BF669500204337 /* lblbc */,
			);
		};
/* End PBXProject section */

/* Begin PBXResourcesBuildPhase section */
		C4AAD55129BF669500204337 /* Resources */ = {
			isa = PBXResourcesBuildPhase;
			buildActionMask = 2147483647;
			files = (
				C4AAD55E29BF669700204337 /* Preview Assets.xcassets in Resources */,
				C4AAD55B29BF669700204337 /* Assets.xcassets in Resources */,
			);
			runOnlyForDeploymentPostprocessing = 0;
		};
/* End PBXResourcesBuildPhase section */

/* Begin PBXShellScriptBuildPhase section */
		3C68F943BD6CB03A41AD8961 /* [CP] Embed Pods Frameworks */ = {
			isa = PBXShellScriptBuildPhase;
			buildActionMask = 2147483647;
			files = (
			);
			inputFileListPaths = (
				"${PODS_ROOT}/Target Support Files/Pods-lblbc/Pods-lblbc-frameworks-${CONFIGURATION}-input-files.xcfilelist",
			);
			name = "[CP] Embed Pods Frameworks";
			outputFileListPaths = (
				"${PODS_ROOT}/Target Support Files/Pods-lblbc/Pods-lblbc-frameworks-${CONFIGURATION}-output-files.xcfilelist",
			);
			runOnlyForDeploymentPostprocessing = 0;
			shellPath = /bin/sh;
			shellScript = "\"${PODS_ROOT}/Target Support Files/Pods-lblbc/Pods-lblbc-frameworks.sh\"\n";
			showEnvVarsInLog = 0;
		};
		A1E12B6622A3C959E8B4742E /* [CP] Check Pods Manifest.lock */ = {
			isa = PBXShellScriptBuildPhase;
			buildActionMask = 2147483647;
			files = (
			);
			inputFileListPaths = (
			);
			inputPaths = (
				"${PODS_PODFILE_DIR_PATH}/Podfile.lock",
				"${PODS_ROOT}/Manifest.lock",
			);
			name = "[CP] Check Pods Manifest.lock";
			outputFileListPaths = (
			);
			outputPaths = (
				"$(DERIVED_FILE_DIR)/Pods-lblbc-checkManifestLockResult.txt",
			);
			runOnlyForDeploymentPostprocessing = 0;
			shellPath = /bin/sh;
			shellScript = "diff \"${PODS_PODFILE_DIR_PATH}/Podfile.lock\" \"${PODS_ROOT}/Manifest.lock\" > /dev/null\nif [ $? != 0 ] ; then\n    # print error to STDERR\n    echo \"error: The sandbox is not in sync with the Podfile.lock. Run 'pod install' or update your CocoaPods installation.\" >&2\n    exit 1\nfi\n# This output is used by Xcode 'outputs' to avoid re-running this script phase.\necho \"SUCCESS\" > \"${SCRIPT_OUTPUT_FILE_0}\"\n";
			showEnvVarsInLog = 0;
		};
/* End PBXShellScriptBuildPhase section */

/* Begin PBXSourcesBuildPhase section */
		C4AAD54F29BF669500204337 /* Sources */ = {
			isa = PBXSourcesBuildPhase;
			buildActionMask = 2147483647;
			files = (
				C4AAD57829BF680500204337 /* HomeView.swift in Sources */,
				C4AAD56E29BF67A800204337 /* NewsInfo.swift in Sources */,
				C4AAD58729BF687200204337 /* SearchBar.swift in Sources */,
				C4AAD55929BF669500204337 /* ContentView.swift in Sources */,
				C4AAD58B29BF689A00204337 /* Color.swift in Sources */,
				C4AAD58829BF687200204337 /* NewsItemView.swift in Sources */,
				C4AAD57029BF67A800204337 /* CommonResp.swift in Sources */,
				C4AAD57729BF680500204337 /* HomeViewModel.swift in Sources */,
				C4AAD58129BF683D00204337 /* LblAPI.swift in Sources */,
				C4AAD56F29BF67A800204337 /* QueryCategoryResp.swift in Sources */,
				C4AAD57E29BF681900204337 /* SearchViewModel.swift in Sources */,
				C4AAD55729BF669500204337 /* lblbcApp.swift in Sources */,
				C4AAD57A29BF681100204337 /* MineView.swift in Sources */,
				C4AAD58629BF687200204337 /* LblWebView.swift in Sources */,
				C4AAD56C29BF67A800204337 /* CategoryInfo.swift in Sources */,
				C4AAD56D29BF67A800204337 /* QueryNewsResp.swift in Sources */,
				C4AAD57D29BF681900204337 /* SearchView.swift in Sources */,
			);
			runOnlyForDeploymentPostprocessing = 0;
		};
/* End PBXSourcesBuildPhase section */

/* Begin XCBuildConfiguration section */
		C4AAD55F29BF669700204337 /* Debug */ = {
			isa = XCBuildConfiguration;
			buildSettings = {
				ALWAYS_SEARCH_USER_PATHS = NO;
				CLANG_ANALYZER_NONNULL = YES;
				CLANG_ANALYZER_NUMBER_OBJECT_CONVERSION = YES_AGGRESSIVE;
				CLANG_CXX_LANGUAGE_STANDARD = "gnu++20";
				CLANG_ENABLE_MODULES = YES;
				CLANG_ENABLE_OBJC_ARC = YES;
				CLANG_ENABLE_OBJC_WEAK = YES;
				CLANG_WARN_BLOCK_CAPTURE_AUTORELEASING = YES;
				CLANG_WARN_BOOL_CONVERSION = YES;
				CLANG_WARN_COMMA = YES;
				CLANG_WARN_CONSTANT_CONVERSION = YES;
				CLANG_WARN_DEPRECATED_OBJC_IMPLEMENTATIONS = YES;
				CLANG_WARN_DIRECT_OBJC_ISA_USAGE = YES_ERROR;
				CLANG_WARN_DOCUMENTATION_COMMENTS = YES;
				CLANG_WARN_EMPTY_BODY = YES;
				CLANG_WARN_ENUM_CONVERSION = YES;
				CLANG_WARN_INFINITE_RECURSION = YES;
				CLANG_WARN_INT_CONVERSION = YES;
				CLANG_WARN_NON_LITERAL_NULL_CONVERSION = YES;
				CLANG_WARN_OBJC_IMPLICIT_RETAIN_SELF = YES;
				CLANG_WARN_OBJC_LITERAL_CONVERSION = YES;
				CLANG_WARN_OBJC_ROOT_CLASS = YES_ERROR;
				CLANG_WARN_QUOTED_INCLUDE_IN_FRAMEWORK_HEADER = YES;
				CLANG_WARN_RANGE_LOOP_ANALYSIS = YES;
				CLANG_WARN_STRICT_PROTOTYPES = YES;
				CLANG_WARN_SUSPICIOUS_MOVE = YES;
				CLANG_WARN_UNGUARDED_AVAILABILITY = YES_AGGRESSIVE;
				CLANG_WARN_UNREACHABLE_CODE = YES;
				CLANG_WARN__DUPLICATE_METHOD_MATCH = YES;
				COPY_PHASE_STRIP = NO;
				DEBUG_INFORMATION_FORMAT = dwarf;
				ENABLE_STRICT_OBJC_MSGSEND = YES;
				ENABLE_TESTABILITY = YES;
				GCC_C_LANGUAGE_STANDARD = gnu11;
				GCC_DYNAMIC_NO_PIC = NO;
				GCC_NO_COMMON_BLOCKS = YES;
				GCC_OPTIMIZATION_LEVEL = 0;
				GCC_PREPROCESSOR_DEFINITIONS = (
					"DEBUG=1",
					"$(inherited)",
				);
				GCC_WARN_64_TO_32_BIT_CONVERSION = YES;
				GCC_WARN_ABOUT_RETURN_TYPE = YES_ERROR;
				GCC_WARN_UNDECLARED_SELECTOR = YES;
				GCC_WARN_UNINITIALIZED_AUTOS = YES_AGGRESSIVE;
				GCC_WARN_UNUSED_FUNCTION = YES;
				GCC_WARN_UNUSED_VARIABLE = YES;
				IPHONEOS_DEPLOYMENT_TARGET = 16.2;
				MTL_ENABLE_DEBUG_INFO = INCLUDE_SOURCE;
				MTL_FAST_MATH = YES;
				ONLY_ACTIVE_ARCH = YES;
				SDKROOT = iphoneos;
				SWIFT_ACTIVE_COMPILATION_CONDITIONS = DEBUG;
				SWIFT_OPTIMIZATION_LEVEL = "-Onone";
			};
			name = Debug;
		};
		C4AAD56029BF669700204337 /* Release */ = {
			isa = XCBuildConfiguration;
			buildSettings = {
				ALWAYS_SEARCH_USER_PATHS = NO;
				CLANG_ANALYZER_NONNULL = YES;
				CLANG_ANALYZER_NUMBER_OBJECT_CONVERSION = YES_AGGRESSIVE;
				CLANG_CXX_LANGUAGE_STANDARD = "gnu++20";
				CLANG_ENABLE_MODULES = YES;
				CLANG_ENABLE_OBJC_ARC = YES;
				CLANG_ENABLE_OBJC_WEAK = YES;
				CLANG_WARN_BLOCK_CAPTURE_AUTORELEASING = YES;
				CLANG_WARN_BOOL_CONVERSION = YES;
				CLANG_WARN_COMMA = YES;
				CLANG_WARN_CONSTANT_CONVERSION = YES;
				CLANG_WARN_DEPRECATED_OBJC_IMPLEMENTATIONS = YES;
				CLANG_WARN_DIRECT_OBJC_ISA_USAGE = YES_ERROR;
				CLANG_WARN_DOCUMENTATION_COMMENTS = YES;
				CLANG_WARN_EMPTY_BODY = YES;
				CLANG_WARN_ENUM_CONVERSION = YES;
				CLANG_WARN_INFINITE_RECURSION = YES;
				CLANG_WARN_INT_CONVERSION = YES;
				CLANG_WARN_NON_LITERAL_NULL_CONVERSION = YES;
				CLANG_WARN_OBJC_IMPLICIT_RETAIN_SELF = YES;
				CLANG_WARN_OBJC_LITERAL_CONVERSION = YES;
				CLANG_WARN_OBJC_ROOT_CLASS = YES_ERROR;
				CLANG_WARN_QUOTED_INCLUDE_IN_FRAMEWORK_HEADER = YES;
				CLANG_WARN_RANGE_LOOP_ANALYSIS = YES;
				CLANG_WARN_STRICT_PROTOTYPES = YES;
				CLANG_WARN_SUSPICIOUS_MOVE = YES;
				CLANG_WARN_UNGUARDED_AVAILABILITY = YES_AGGRESSIVE;
				CLANG_WARN_UNREACHABLE_CODE = YES;
				CLANG_WARN__DUPLICATE_METHOD_MATCH = YES;
				COPY_PHASE_STRIP = NO;
				DEBUG_INFORMATION_FORMAT = "dwarf-with-dsym";
				ENABLE_NS_ASSERTIONS = NO;
				ENABLE_STRICT_OBJC_MSGSEND = YES;
				GCC_C_LANGUAGE_STANDARD = gnu11;
				GCC_NO_COMMON_BLOCKS = YES;
				GCC_WARN_64_TO_32_BIT_CONVERSION = YES;
				GCC_WARN_ABOUT_RETURN_TYPE = YES_ERROR;
				GCC_WARN_UNDECLARED_SELECTOR = YES;
				GCC_WARN_UNINITIALIZED_AUTOS = YES_AGGRESSIVE;
				GCC_WARN_UNUSED_FUNCTION = YES;
				GCC_WARN_UNUSED_VARIABLE = YES;
				IPHONEOS_DEPLOYMENT_TARGET = 16.2;
				MTL_ENABLE_DEBUG_INFO = NO;
				MTL_FAST_MATH = YES;
				SDKROOT = iphoneos;
				SWIFT_COMPILATION_MODE = wholemodule;
				SWIFT_OPTIMIZATION_LEVEL = "-O";
				VALIDATE_PRODUCT = YES;
			};
			name = Release;
		};
		C4AAD56229BF669700204337 /* Debug */ = {
			isa = XCBuildConfiguration;
			baseConfigurationReference = D3269D5EC98A02E1B16105B1 /* Pods-lblbc.debug.xcconfig */;
			buildSettings = {
				ASSETCATALOG_COMPILER_APPICON_NAME = AppIcon;
				ASSETCATALOG_COMPILER_GLOBAL_ACCENT_COLOR_NAME = AccentColor;
				CODE_SIGN_STYLE = Automatic;
				CURRENT_PROJECT_VERSION = 1;
				DEVELOPMENT_ASSET_PATHS = "\"lblbc/Preview Content\"";
				ENABLE_PREVIEWS = YES;
				GENERATE_INFOPLIST_FILE = YES;
				INFOPLIST_KEY_UIApplicationSceneManifest_Generation = YES;
				INFOPLIST_KEY_UIApplicationSupportsIndirectInputEvents = YES;
				INFOPLIST_KEY_UILaunchScreen_Generation = YES;
				INFOPLIST_KEY_UISupportedInterfaceOrientations_iPad = "UIInterfaceOrientationPortrait UIInterfaceOrientationPortraitUpsideDown UIInterfaceOrientationLandscapeLeft UIInterfaceOrientationLandscapeRight";
				INFOPLIST_KEY_UISupportedInterfaceOrientations_iPhone = "UIInterfaceOrientationPortrait UIInterfaceOrientationLandscapeLeft UIInterfaceOrientationLandscapeRight";
				LD_RUNPATH_SEARCH_PATHS = (
					"$(inherited)",
					"@executable_path/Frameworks",
				);
				MARKETING_VERSION = 1.0;
				PRODUCT_BUNDLE_IDENTIFIER = cn.lblbc.lblbc;
				PRODUCT_NAME = "$(TARGET_NAME)";
				SWIFT_EMIT_LOC_STRINGS = YES;
				SWIFT_VERSION = 5.0;
				TARGETED_DEVICE_FAMILY = "1,2";
			};
			name = Debug;
		};
		C4AAD56329BF669700204337 /* Release */ = {
			isa = XCBuildConfiguration;
			baseConfigurationReference = D516F0F4A3C0B44E7F6AF8B6 /* Pods-lblbc.release.xcconfig */;
			buildSettings = {
				ASSETCATALOG_COMPILER_APPICON_NAME = AppIcon;
				ASSETCATALOG_COMPILER_GLOBAL_ACCENT_COLOR_NAME = AccentColor;
				CODE_SIGN_STYLE = Automatic;
				CURRENT_PROJECT_VERSION = 1;
				DEVELOPMENT_ASSET_PATHS = "\"lblbc/Preview Content\"";
				ENABLE_PREVIEWS = YES;
				GENERATE_INFOPLIST_FILE = YES;
				INFOPLIST_KEY_UIApplicationSceneManifest_Generation = YES;
				INFOPLIST_KEY_UIApplicationSupportsIndirectInputEvents = YES;
				INFOPLIST_KEY_UILaunchScreen_Generation = YES;
				INFOPLIST_KEY_UISupportedInterfaceOrientations_iPad = "UIInterfaceOrientationPortrait UIInterfaceOrientationPortraitUpsideDown UIInterfaceOrientationLandscapeLeft UIInterfaceOrientationLandscapeRight";
				INFOPLIST_KEY_UISupportedInterfaceOrientations_iPhone = "UIInterfaceOrientationPortrait UIInterfaceOrientationLandscapeLeft UIInterfaceOrientationLandscapeRight";
				LD_RUNPATH_SEARCH_PATHS = (
					"$(inherited)",
					"@executable_path/Frameworks",
				);
				MARKETING_VERSION = 1.0;
				PRODUCT_BUNDLE_IDENTIFIER = cn.lblbc.lblbc;
				PRODUCT_NAME = "$(TARGET_NAME)";
				SWIFT_EMIT_LOC_STRINGS = YES;
				SWIFT_VERSION = 5.0;
				TARGETED_DEVICE_FAMILY = "1,2";
			};
			name = Release;
		};
/* End XCBuildConfiguration section */

/* Begin XCConfigurationList section */
		C4AAD54E29BF669500204337 /* Build configuration list for PBXProject "lblbc" */ = {
			isa = XCConfigurationList;
			buildConfigurations = (
				C4AAD55F29BF669700204337 /* Debug */,
				C4AAD56029BF669700204337 /* Release */,
			);
			defaultConfigurationIsVisible = 0;
			defaultConfigurationName = Release;
		};
		C4AAD56129BF669700204337 /* Build configuration list for PBXNativeTarget "lblbc" */ = {
			isa = XCConfigurationList;
			buildConfigurations = (
				C4AAD56229BF669700204337 /* Debug */,
				C4AAD56329BF669700204337 /* Release */,
			);
			defaultConfigurationIsVisible = 0;
			defaultConfigurationName = Release;
		};
/* End XCConfigurationList section */
	};
	rootObject = C4AAD54B29BF669500204337 /* Project object */;
}
